
Microsoft Visual Studio Solution File, Format Version 12.00
# Visual Studio 15
VisualStudioVersion = 15.0.26730.12
MinimumVisualStudioVersion = 10.0.40219.1
Project("{2150E333-8FDC-42A3-9474-1A3956D46DE8}") = "Repository", "Repository", "{590D647D-DCC4-465E-9827-E34C0F39C999}"
EndProject
Project("{FAE04EC0-301F-11D3-BF4B-00C04F79EFBC}") = "Repository.Entities", "Repository.Entities\Repository.Entities.csproj", "{F4317CDD-E531-44B2-A1EF-FAAC7E268A0C}"
EndProject
Project("{2150E333-8FDC-42A3-9474-1A3956D46DE8}") = "Service", "Service", "{62E1EB69-7FEB-4835-B449-80200B2950C2}"
EndProject
Project("{2150E333-8FDC-42A3-9474-1A3956D46DE8}") = "Web", "Web", "{27036A46-CE2B-401A-99F2-27394D601FE6}"
EndProject
Project("{FAE04EC0-301F-11D3-BF4B-00C04F79EFBC}") = "Service", "Service\Service.csproj", "{C468555B-08FC-4D6D-BAA7-1BCABDA65747}"
EndProject
Project("{FAE04EC0-301F-11D3-BF4B-00C04F79EFBC}") = "Repository.Interfaces", "Repository.Interfaces\Repository.Interfaces.csproj", "{13BBAD28-6872-4DC9-85B5-480A677472FD}"
EndProject
Project("{FAE04EC0-301F-11D3-BF4B-00C04F79EFBC}") = "Repository", "Repository\Repository.csproj", "{BA937CF6-A8B6-4200-A762-42D32928A5FF}"
EndProject
Project("{FAE04EC0-301F-11D3-BF4B-00C04F79EFBC}") = "Service.Interfaces", "Service.Interfaces\Service.Interfaces.csproj", "{1AC14A11-E381-49C0-9D36-FBD4DB443A74}"
EndProject
Project("{FAE04EC0-301F-11D3-BF4B-00C04F79EFBC}") = "Service.Models", "Service.Models\Service.Models.csproj", "{51690DE1-0A7A-4803-B423-6823C17018B5}"
EndProject
Project("{FAE04EC0-301F-11D3-BF4B-00C04F79EFBC}") = "Repository.Tests", "Repository.Tests\Repository.Tests.csproj", "{CBE39229-5E34-4648-8585-FE661E8275EC}"
EndProject
Project("{FAE04EC0-301F-11D3-BF4B-00C04F79EFBC}") = "Service.Tests", "Service.Tests\Service.Tests.csproj", "{F3F9CE70-91D3-4C4B-A14C-C0733DBCC6B5}"
EndProject
Project("{FAE04EC0-301F-11D3-BF4B-00C04F79EFBC}") = "WebApp", "WebApp\WebApp.csproj", "{17547362-9718-49B3-A0AD-14B68BF0710C}"
EndProject
Global
	GlobalSection(SolutionConfigurationPlatforms) = preSolution
		Debug|Any CPU = Debug|Any CPU
		Release|Any CPU = Release|Any CPU
	EndGlobalSection
	GlobalSection(ProjectConfigurationPlatforms) = postSolution
		{F4317CDD-E531-44B2-A1EF-FAAC7E268A0C}.Debug|Any CPU.ActiveCfg = Debug|Any CPU
		{F4317CDD-E531-44B2-A1EF-FAAC7E268A0C}.Debug|Any CPU.Build.0 = Debug|Any CPU
		{F4317CDD-E531-44B2-A1EF-FAAC7E268A0C}.Release|Any CPU.ActiveCfg = Release|Any CPU
		{F4317CDD-E531-44B2-A1EF-FAAC7E268A0C}.Release|Any CPU.Build.0 = Release|Any CPU
		{C468555B-08FC-4D6D-BAA7-1BCABDA65747}.Debug|Any CPU.ActiveCfg = Debug|Any CPU
		{C468555B-08FC-4D6D-BAA7-1BCABDA65747}.Debug|Any CPU.Build.0 = Debug|Any CPU
		{C468555B-08FC-4D6D-BAA7-1BCABDA65747}.Release|Any CPU.ActiveCfg = Release|Any CPU
		{C468555B-08FC-4D6D-BAA7-1BCABDA65747}.Release|Any CPU.Build.0 = Release|Any CPU
		{13BBAD28-6872-4DC9-85B5-480A677472FD}.Debug|Any CPU.ActiveCfg = Debug|Any CPU
		{13BBAD28-6872-4DC9-85B5-480A677472FD}.Debug|Any CPU.Build.0 = Debug|Any CPU
		{13BBAD28-6872-4DC9-85B5-480A677472FD}.Release|Any CPU.ActiveCfg = Release|Any CPU
		{13BBAD28-6872-4DC9-85B5-480A677472FD}.Release|Any CPU.Build.0 = Release|Any CPU
		{BA937CF6-A8B6-4200-A762-42D32928A5FF}.Debug|Any CPU.ActiveCfg = Debug|Any CPU
		{BA937CF6-A8B6-4200-A762-42D32928A5FF}.Debug|Any CPU.Build.0 = Debug|Any CPU
		{BA937CF6-A8B6-4200-A762-42D32928A5FF}.Release|Any CPU.ActiveCfg = Release|Any CPU
		{BA937CF6-A8B6-4200-A762-42D32928A5FF}.Release|Any CPU.Build.0 = Release|Any CPU
		{1AC14A11-E381-49C0-9D36-FBD4DB443A74}.Debug|Any CPU.ActiveCfg = Debug|Any CPU
		{1AC14A11-E381-49C0-9D36-FBD4DB443A74}.Debug|Any CPU.Build.0 = Debug|Any CPU
		{1AC14A11-E381-49C0-9D36-FBD4DB443A74}.Release|Any CPU.ActiveCfg = Release|Any CPU
		{1AC14A11-E381-49C0-9D36-FBD4DB443A74}.Release|Any CPU.Build.0 = Release|Any CPU
		{51690DE1-0A7A-4803-B423-6823C17018B5}.Debug|Any CPU.ActiveCfg = Debug|Any CPU
		{51690DE1-0A7A-4803-B423-6823C17018B5}.Debug|Any CPU.Build.0 = Debug|Any CPU
		{51690DE1-0A7A-4803-B423-6823C17018B5}.Release|Any CPU.ActiveCfg = Release|Any CPU
		{51690DE1-0A7A-4803-B423-6823C17018B5}.Release|Any CPU.Build.0 = Release|Any CPU
		{CBE39229-5E34-4648-8585-FE661E8275EC}.Debug|Any CPU.ActiveCfg = Debug|Any CPU
		{CBE39229-5E34-4648-8585-FE661E8275EC}.Debug|Any CPU.Build.0 = Debug|Any CPU
		{CBE39229-5E34-4648-8585-FE661E8275EC}.Release|Any CPU.ActiveCfg = Release|Any CPU
		{CBE39229-5E34-4648-8585-FE661E8275EC}.Release|Any CPU.Build.0 = Release|Any CPU
		{F3F9CE70-91D3-4C4B-A14C-C0733DBCC6B5}.Debug|Any CPU.ActiveCfg = Debug|Any CPU
		{F3F9CE70-91D3-4C4B-A14C-C0733DBCC6B5}.Debug|Any CPU.Build.0 = Debug|Any CPU
		{F3F9CE70-91D3-4C4B-A14C-C0733DBCC6B5}.Release|Any CPU.ActiveCfg = Release|Any CPU
		{F3F9CE70-91D3-4C4B-A14C-C0733DBCC6B5}.Release|Any CPU.Build.0 = Release|Any CPU
		{17547362-9718-49B3-A0AD-14B68BF0710C}.Debug|Any CPU.ActiveCfg = Debug|Any CPU
		{17547362-9718-49B3-A0AD-14B68BF0710C}.Debug|Any CPU.Build.0 = Debug|Any CPU
		{17547362-9718-49B3-A0AD-14B68BF0710C}.Release|Any CPU.ActiveCfg = Release|Any CPU
		{17547362-9718-49B3-A0AD-14B68BF0710C}.Release|Any CPU.Build.0 = Release|Any CPU
	EndGlobalSection
	GlobalSection(SolutionProperties) = preSolution
		HideSolutionNode = FALSE
	EndGlobalSection
	GlobalSection(NestedProjects) = preSolution
		{F4317CDD-E531-44B2-A1EF-FAAC7E268A0C} = {590D647D-DCC4-465E-9827-E34C0F39C999}
		{C468555B-08FC-4D6D-BAA7-1BCABDA65747} = {62E1EB69-7FEB-4835-B449-80200B2950C2}
		{13BBAD28-6872-4DC9-85B5-480A677472FD} = {590D647D-DCC4-465E-9827-E34C0F39C999}
		{BA937CF6-A8B6-4200-A762-42D32928A5FF} = {590D647D-DCC4-465E-9827-E34C0F39C999}
		{1AC14A11-E381-49C0-9D36-FBD4DB443A74} = {62E1EB69-7FEB-4835-B449-80200B2950C2}
		{51690DE1-0A7A-4803-B423-6823C17018B5} = {62E1EB69-7FEB-4835-B449-80200B2950C2}
		{CBE39229-5E34-4648-8585-FE661E8275EC} = {590D647D-DCC4-465E-9827-E34C0F39C999}
		{F3F9CE70-91D3-4C4B-A14C-C0733DBCC6B5} = {62E1EB69-7FEB-4835-B449-80200B2950C2}
		{17547362-9718-49B3-A0AD-14B68BF0710C} = {27036A46-CE2B-401A-99F2-27394D601FE6}
	EndGlobalSection
	GlobalSection(ExtensibilityGlobals) = postSolution
		SolutionGuid = {081B6301-F56D-4DE1-B9AC-E3F397A554EC}
	EndGlobalSection
EndGlobal
